
Microsoft Visual Studio Solution File, Format Version 12.00
# Visual Studio 2012
Project("{FAE04EC0-301F-11D3-BF4B-00C04F79EFBC}") = "Battleship.Domain", "Battleship.Domain\Battleship.Domain.csproj", "{9D2C3220-9959-42E3-B073-BAC23CFE61F7}"
EndProject
Project("{FAE04EC0-301F-11D3-BF4B-00C04F79EFBC}") = "Battleship.Domain.Test", "Battleship.Domain.Test\Battleship.Domain.Test.csproj", "{2A668BE4-000D-4F55-97E9-66147360A9E7}"
EndProject
Global
	GlobalSection(SolutionConfigurationPlatforms) = preSolution
		Debug|Any CPU = Debug|Any CPU
		Release|Any CPU = Release|Any CPU
	EndGlobalSection
	GlobalSection(ProjectConfigurationPlatforms) = postSolution
		{9D2C3220-9959-42E3-B073-BAC23CFE61F7}.Debug|Any CPU.ActiveCfg = Debug|Any CPU
		{9D2C3220-9959-42E3-B073-BAC23CFE61F7}.Debug|Any CPU.Build.0 = Debug|Any CPU
		{9D2C3220-9959-42E3-B073-BAC23CFE61F7}.Release|Any CPU.ActiveCfg = Release|Any CPU
		{9D2C3220-9959-42E3-B073-BAC23CFE61F7}.Release|Any CPU.Build.0 = Release|Any CPU
		{2A668BE4-000D-4F55-97E9-66147360A9E7}.Debug|Any CPU.ActiveCfg = Debug|Any CPU
		{2A668BE4-000D-4F55-97E9-66147360A9E7}.Debug|Any CPU.Build.0 = Debug|Any CPU
		{2A668BE4-000D-4F55-97E9-66147360A9E7}.Release|Any CPU.ActiveCfg = Release|Any CPU
		{2A668BE4-000D-4F55-97E9-66147360A9E7}.Release|Any CPU.Build.0 = Release|Any CPU
	EndGlobalSection
	GlobalSection(SolutionProperties) = preSolution
		HideSolutionNode = FALSE
	EndGlobalSection
EndGlobal
